
Microsoft Visual Studio Solution File, Format Version 12.00
# Visual Studio Version 17
VisualStudioVersion = 17.3.32825.248
MinimumVisualStudioVersion = 10.0.40219.1
Project("{FAE04EC0-301F-11D3-BF4B-00C04F79EFBC}") = "Monedas", "Monedas\Monedas.csproj", "{224BCBF0-DB3E-4BFD-8A5E-1E87054BADFE}"
EndProject
Global
	GlobalSection(SolutionConfigurationPlatforms) = preSolution
		Debug|Any CPU = Debug|Any CPU
		Release|Any CPU = Release|Any CPU
	EndGlobalSection
	GlobalSection(ProjectConfigurationPlatforms) = postSolution
		{224BCBF0-DB3E-4BFD-8A5E-1E87054BADFE}.Debug|Any CPU.ActiveCfg = Debug|Any CPU
		{224BCBF0-DB3E-4BFD-8A5E-1E87054BADFE}.Debug|Any CPU.Build.0 = Debug|Any CPU
		{224BCBF0-DB3E-4BFD-8A5E-1E87054BADFE}.Release|Any CPU.ActiveCfg = Release|Any CPU
		{224BCBF0-DB3E-4BFD-8A5E-1E87054BADFE}.Release|Any CPU.Build.0 = Release|Any CPU
	EndGlobalSection
	GlobalSection(SolutionProperties) = preSolution
		HideSolutionNode = FALSE
	EndGlobalSection
	GlobalSection(ExtensibilityGlobals) = postSolution
		SolutionGuid = {03C8DAF9-8255-4FB4-8538-3686ED91634F}
	EndGlobalSection
EndGlobal
